
Microsoft Visual Studio Solution File, Format Version 12.00
# Visual Studio Version 16
VisualStudioVersion = 16.0.29728.190
MinimumVisualStudioVersion = 10.0.40219.1
Project("{8BC9CEB8-8B4A-11D0-8D11-00A0C91BC942}") = "CH4-SAMP", "CH4-SAMP\CH4-SAMP.vcxproj", "{B7188753-306D-46EC-B6E5-6F0366D4E715}"
EndProject
Project("{8BC9CEB8-8B4A-11D0-8D11-00A0C91BC942}") = "Loader", "Loader\Loader.vcxproj", "{BB92C84E-5E81-4099-90F1-C163A57EE200}"
EndProject
Project("{8BC9CEB8-8B4A-11D0-8D11-00A0C91BC942}") = "bloodsharp_window_mode", "bloodsharp_window_mode\bloodsharp_window_mode.vcxproj", "{9646D561-2E35-4584-BB7E-2DC4146ECE5F}"
EndProject
Global
	GlobalSection(SolutionConfigurationPlatforms) = preSolution
		Debug|x64 = Debug|x64
		Debug|x86 = Debug|x86
		Release|x64 = Release|x64
		Release|x86 = Release|x86
	EndGlobalSection
	GlobalSection(ProjectConfigurationPlatforms) = postSolution
		{B7188753-306D-46EC-B6E5-6F0366D4E715}.Debug|x64.ActiveCfg = Debug|x64
		{B7188753-306D-46EC-B6E5-6F0366D4E715}.Debug|x64.Build.0 = Debug|x64
		{B7188753-306D-46EC-B6E5-6F0366D4E715}.Debug|x86.ActiveCfg = Debug|Win32
		{B7188753-306D-46EC-B6E5-6F0366D4E715}.Debug|x86.Build.0 = Debug|Win32
		{B7188753-306D-46EC-B6E5-6F0366D4E715}.Release|x64.ActiveCfg = Release|x64
		{B7188753-306D-46EC-B6E5-6F0366D4E715}.Release|x64.Build.0 = Release|x64
		{B7188753-306D-46EC-B6E5-6F0366D4E715}.Release|x86.ActiveCfg = Release|Win32
		{B7188753-306D-46EC-B6E5-6F0366D4E715}.Release|x86.Build.0 = Release|Win32
		{BB92C84E-5E81-4099-90F1-C163A57EE200}.Debug|x64.ActiveCfg = Debug|x64
		{BB92C84E-5E81-4099-90F1-C163A57EE200}.Debug|x64.Build.0 = Debug|x64
		{BB92C84E-5E81-4099-90F1-C163A57EE200}.Debug|x86.ActiveCfg = Debug|Win32
		{BB92C84E-5E81-4099-90F1-C163A57EE200}.Debug|x86.Build.0 = Debug|Win32
		{BB92C84E-5E81-4099-90F1-C163A57EE200}.Release|x64.ActiveCfg = Release|x64
		{BB92C84E-5E81-4099-90F1-C163A57EE200}.Release|x64.Build.0 = Release|x64
		{BB92C84E-5E81-4099-90F1-C163A57EE200}.Release|x86.ActiveCfg = Release|Win32
		{BB92C84E-5E81-4099-90F1-C163A57EE200}.Release|x86.Build.0 = Release|Win32
		{9646D561-2E35-4584-BB7E-2DC4146ECE5F}.Debug|x64.ActiveCfg = Debug|x64
		{9646D561-2E35-4584-BB7E-2DC4146ECE5F}.Debug|x64.Build.0 = Debug|x64
		{9646D561-2E35-4584-BB7E-2DC4146ECE5F}.Debug|x86.ActiveCfg = Debug|Win32
		{9646D561-2E35-4584-BB7E-2DC4146ECE5F}.Debug|x86.Build.0 = Debug|Win32
		{9646D561-2E35-4584-BB7E-2DC4146ECE5F}.Release|x64.ActiveCfg = Release|x64
		{9646D561-2E35-4584-BB7E-2DC4146ECE5F}.Release|x64.Build.0 = Release|x64
		{9646D561-2E35-4584-BB7E-2DC4146ECE5F}.Release|x86.ActiveCfg = Release|Win32
		{9646D561-2E35-4584-BB7E-2DC4146ECE5F}.Release|x86.Build.0 = Release|Win32
	EndGlobalSection
	GlobalSection(SolutionProperties) = preSolution
		HideSolutionNode = FALSE
	EndGlobalSection
	GlobalSection(ExtensibilityGlobals) = postSolution
		SolutionGuid = {60046DAB-F3C4-47E2-A75E-94AA0EF52D66}
	EndGlobalSection
EndGlobal
